
Microsoft Visual Studio Solution File, Format Version 12.00
# Visual Studio Version 16
VisualStudioVersion = 16.0.31112.23
MinimumVisualStudioVersion = 10.0.40219.1
Project("{9A19103F-16F7-4668-BE54-9A1E7A4F7556}") = "ClassLibrary1", "ClassLibrary1\ClassLibrary1.csproj", "{07E638F4-F748-4BB3-A9B5-BEA35179EB50}"
EndProject
Project("{FAE04EC0-301F-11D3-BF4B-00C04F79EFBC}") = "ConsoleApp1", "ConsoleApp1\ConsoleApp1.csproj", "{01144D1E-F846-49FD-99ED-DD72636C6BF2}"
EndProject
Global
	GlobalSection(SolutionConfigurationPlatforms) = preSolution
		Debug|Any CPU = Debug|Any CPU
		Release|Any CPU = Release|Any CPU
	EndGlobalSection
	GlobalSection(ProjectConfigurationPlatforms) = postSolution
		{07E638F4-F748-4BB3-A9B5-BEA35179EB50}.Debug|Any CPU.ActiveCfg = Debug|Any CPU
		{07E638F4-F748-4BB3-A9B5-BEA35179EB50}.Debug|Any CPU.Build.0 = Debug|Any CPU
		{07E638F4-F748-4BB3-A9B5-BEA35179EB50}.Release|Any CPU.ActiveCfg = Release|Any CPU
		{07E638F4-F748-4BB3-A9B5-BEA35179EB50}.Release|Any CPU.Build.0 = Release|Any CPU
		{01144D1E-F846-49FD-99ED-DD72636C6BF2}.Debug|Any CPU.ActiveCfg = Debug|Any CPU
		{01144D1E-F846-49FD-99ED-DD72636C6BF2}.Debug|Any CPU.Build.0 = Debug|Any CPU
		{01144D1E-F846-49FD-99ED-DD72636C6BF2}.Release|Any CPU.ActiveCfg = Release|Any CPU
		{01144D1E-F846-49FD-99ED-DD72636C6BF2}.Release|Any CPU.Build.0 = Release|Any CPU
	EndGlobalSection
	GlobalSection(SolutionProperties) = preSolution
		HideSolutionNode = FALSE
	EndGlobalSection
	GlobalSection(ExtensibilityGlobals) = postSolution
		SolutionGuid = {A2B507A5-0342-4BEC-82D4-7085BE2E260B}
	EndGlobalSection
EndGlobal
